
Microsoft Visual Studio Solution File, Format Version 12.00
# Visual Studio Version 16
VisualStudioVersion = 16.0.31410.357
MinimumVisualStudioVersion = 10.0.40219.1
Project("{FAE04EC0-301F-11D3-BF4B-00C04F79EFBC}") = "cars", "cars\cars.csproj", "{B10A5811-E015-4B90-9E08-5683E4598694}"
EndProject
Global
	GlobalSection(SolutionConfigurationPlatforms) = preSolution
		Debug|Any CPU = Debug|Any CPU
		Release|Any CPU = Release|Any CPU
	EndGlobalSection
	GlobalSection(ProjectConfigurationPlatforms) = postSolution
		{B10A5811-E015-4B90-9E08-5683E4598694}.Debug|Any CPU.ActiveCfg = Debug|Any CPU
		{B10A5811-E015-4B90-9E08-5683E4598694}.Debug|Any CPU.Build.0 = Debug|Any CPU
		{B10A5811-E015-4B90-9E08-5683E4598694}.Release|Any CPU.ActiveCfg = Release|Any CPU
		{B10A5811-E015-4B90-9E08-5683E4598694}.Release|Any CPU.Build.0 = Release|Any CPU
	EndGlobalSection
	GlobalSection(SolutionProperties) = preSolution
		HideSolutionNode = FALSE
	EndGlobalSection
	GlobalSection(ExtensibilityGlobals) = postSolution
		SolutionGuid = {4F510F1F-7386-4DCC-B687-0DC6471762DF}
	EndGlobalSection
EndGlobal
